// !$*UTF8*$!
{
	archiveVersion = 1;
	classes = {
	};
	objectVersion = 55;
	objects = {

/* Begin PBXBuildFile section */
		3B044D0228EC616D0045047B /* ErrorMessage.swift in Sources */ = {isa = PBXBuildFile; fileRef = 3B044D0128EC616D0045047B /* ErrorMessage.swift */; };
		3B1C9E1D28DA11D300A6441E /* MainViewController.swift in Sources */ = {isa = PBXBuildFile; fileRef = 3B1C9E1B28DA11D300A6441E /* MainViewController.swift */; };
		3B1C9E1E28DA11D300A6441E /* MainViewController.xib in Resources */ = {isa = PBXBuildFile; fileRef = 3B1C9E1C28DA11D300A6441E /* MainViewController.xib */; };
		3B1C9E2328DA145D00A6441E /* PopularCollectionViewCell.swift in Sources */ = {isa = PBXBuildFile; fileRef = 3B1C9E2128DA145D00A6441E /* PopularCollectionViewCell.swift */; };
		3B1C9E2428DA145D00A6441E /* PopularCollectionViewCell.xib in Resources */ = {isa = PBXBuildFile; fileRef = 3B1C9E2228DA145D00A6441E /* PopularCollectionViewCell.xib */; };
		3B3BB68928E5B734006431F0 /* FavoriteModuleEntity.swift in Sources */ = {isa = PBXBuildFile; fileRef = 3B3BB68828E5B734006431F0 /* FavoriteModuleEntity.swift */; };
		3B4A447728E8B55B00E0A8F5 /* PopularCollectionOutput.swift in Sources */ = {isa = PBXBuildFile; fileRef = 3B4A447628E8B55B00E0A8F5 /* PopularCollectionOutput.swift */; };
		3B59C62028E8A43500C7001B /* FavoriteModuleRouter.swift in Sources */ = {isa = PBXBuildFile; fileRef = 3B59C61F28E8A43500C7001B /* FavoriteModuleRouter.swift */; };
		3B59C62228E8A47D00C7001B /* FavoriteModuleInteractor.swift in Sources */ = {isa = PBXBuildFile; fileRef = 3B59C62128E8A47D00C7001B /* FavoriteModuleInteractor.swift */; };
		3B59C62428E8A50100C7001B /* FavoriteModulePresenter.swift in Sources */ = {isa = PBXBuildFile; fileRef = 3B59C62328E8A50100C7001B /* FavoriteModulePresenter.swift */; };
		3B59C62828E8A5FD00C7001B /* FavoriteViewInput.swift in Sources */ = {isa = PBXBuildFile; fileRef = 3B59C62728E8A5FD00C7001B /* FavoriteViewInput.swift */; };
		3B59C62A28E8A60C00C7001B /* FavoriteViewOutput.swift in Sources */ = {isa = PBXBuildFile; fileRef = 3B59C62928E8A60C00C7001B /* FavoriteViewOutput.swift */; };
		3B6B737328DA5CF500FAA386 /* NavigationTableViewCell.swift in Sources */ = {isa = PBXBuildFile; fileRef = 3B6B737128DA5CF500FAA386 /* NavigationTableViewCell.swift */; };
		3B6B737428DA5CF500FAA386 /* NavigationTableViewCell.xib in Resources */ = {isa = PBXBuildFile; fileRef = 3B6B737228DA5CF500FAA386 /* NavigationTableViewCell.xib */; };
		3B6B737828DA622D00FAA386 /* PopularTableViewCell.swift in Sources */ = {isa = PBXBuildFile; fileRef = 3B6B737628DA622D00FAA386 /* PopularTableViewCell.swift */; };
		3B6B737928DA622D00FAA386 /* PopularTableViewCell.xib in Resources */ = {isa = PBXBuildFile; fileRef = 3B6B737728DA622D00FAA386 /* PopularTableViewCell.xib */; };
		3B6B737D28DA65C700FAA386 /* RecommendTableViewCell.swift in Sources */ = {isa = PBXBuildFile; fileRef = 3B6B737B28DA65C700FAA386 /* RecommendTableViewCell.swift */; };
		3B6B737E28DA65C700FAA386 /* RecommendTableViewCell.xib in Resources */ = {isa = PBXBuildFile; fileRef = 3B6B737C28DA65C700FAA386 /* RecommendTableViewCell.xib */; };
		3B6B738228DA690600FAA386 /* RecommendCollectionTableViewCell.swift in Sources */ = {isa = PBXBuildFile; fileRef = 3B6B738028DA690600FAA386 /* RecommendCollectionTableViewCell.swift */; };
		3B6B738328DA690600FAA386 /* RecommendCollectionTableViewCell.xib in Resources */ = {isa = PBXBuildFile; fileRef = 3B6B738128DA690600FAA386 /* RecommendCollectionTableViewCell.xib */; };
		3B6B738728DA6C2B00FAA386 /* RecommendCollectionViewCell.swift in Sources */ = {isa = PBXBuildFile; fileRef = 3B6B738528DA6C2B00FAA386 /* RecommendCollectionViewCell.swift */; };
		3B6B738828DA6C2B00FAA386 /* RecommendCollectionViewCell.xib in Resources */ = {isa = PBXBuildFile; fileRef = 3B6B738628DA6C2B00FAA386 /* RecommendCollectionViewCell.xib */; };
		3B92BD2C28D895AE00A6DBAA /* AppDelegate.swift in Sources */ = {isa = PBXBuildFile; fileRef = 3B92BD2B28D895AE00A6DBAA /* AppDelegate.swift */; };
		3B92BD2E28D895AE00A6DBAA /* SceneDelegate.swift in Sources */ = {isa = PBXBuildFile; fileRef = 3B92BD2D28D895AE00A6DBAA /* SceneDelegate.swift */; };
		3B92BD3528D895B100A6DBAA /* Assets.xcassets in Resources */ = {isa = PBXBuildFile; fileRef = 3B92BD3428D895B100A6DBAA /* Assets.xcassets */; };
		3B92BD3828D895B100A6DBAA /* LaunchScreen.storyboard in Resources */ = {isa = PBXBuildFile; fileRef = 3B92BD3628D895B100A6DBAA /* LaunchScreen.storyboard */; };
		3B92BD4828D8968800A6DBAA /* Images.swift in Sources */ = {isa = PBXBuildFile; fileRef = 3B92BD4728D8968800A6DBAA /* Images.swift */; };
		3B92BD4E28D898A600A6DBAA /* TabBarController.swift in Sources */ = {isa = PBXBuildFile; fileRef = 3B92BD4C28D898A600A6DBAA /* TabBarController.swift */; };
		3B92BD4F28D898A600A6DBAA /* TabBarController.xib in Resources */ = {isa = PBXBuildFile; fileRef = 3B92BD4D28D898A600A6DBAA /* TabBarController.xib */; };
		3B92BD5428D8991300A6DBAA /* FavoriteViewController.swift in Sources */ = {isa = PBXBuildFile; fileRef = 3B92BD5228D8991300A6DBAA /* FavoriteViewController.swift */; };
		3B92BD5528D8991300A6DBAA /* FavoriteViewController.xib in Resources */ = {isa = PBXBuildFile; fileRef = 3B92BD5328D8991300A6DBAA /* FavoriteViewController.xib */; };
		3B92BD5828D8993E00A6DBAA /* SettingsViewController.swift in Sources */ = {isa = PBXBuildFile; fileRef = 3B92BD5628D8993E00A6DBAA /* SettingsViewController.swift */; };
		3B92BD5928D8993E00A6DBAA /* SettingsViewController.xib in Resources */ = {isa = PBXBuildFile; fileRef = 3B92BD5728D8993E00A6DBAA /* SettingsViewController.xib */; };
		3B92BD5C28D89DAD00A6DBAA /* Colors.swift in Sources */ = {isa = PBXBuildFile; fileRef = 3B92BD5B28D89DAD00A6DBAA /* Colors.swift */; };
		3BB4CB0728E8DCAD0042CA00 /* UserDefaultsKeys.swift in Sources */ = {isa = PBXBuildFile; fileRef = 3BB4CB0628E8DCAD0042CA00 /* UserDefaultsKeys.swift */; };
		3BDA88FE28E1E80E00E50897 /* PopularInput.swift in Sources */ = {isa = PBXBuildFile; fileRef = 3BDA88FD28E1E80E00E50897 /* PopularInput.swift */; };
		3BDA890028E1E82800E50897 /* PopularOutput.swift in Sources */ = {isa = PBXBuildFile; fileRef = 3BDA88FF28E1E82800E50897 /* PopularOutput.swift */; };
		3BF7FD4428E0A6EF004ECFDE /* MainModuleEntity.swift in Sources */ = {isa = PBXBuildFile; fileRef = 3BF7FD4328E0A6EF004ECFDE /* MainModuleEntity.swift */; };
		3BF7FD4628E0A7A1004ECFDE /* MainModulePresenter.swift in Sources */ = {isa = PBXBuildFile; fileRef = 3BF7FD4528E0A7A1004ECFDE /* MainModulePresenter.swift */; };
		3BF7FD4828E0A7C5004ECFDE /* MainModuleInteractor.swift in Sources */ = {isa = PBXBuildFile; fileRef = 3BF7FD4728E0A7C5004ECFDE /* MainModuleInteractor.swift */; };
		3BF7FD4B28E0B2E2004ECFDE /* MainModuleInteractorInput.swift in Sources */ = {isa = PBXBuildFile; fileRef = 3BF7FD4A28E0B2E2004ECFDE /* MainModuleInteractorInput.swift */; };
		3BF7FD4D28E0B2FD004ECFDE /* MainModuleInteractorOutput.swift in Sources */ = {isa = PBXBuildFile; fileRef = 3BF7FD4C28E0B2FD004ECFDE /* MainModuleInteractorOutput.swift */; };
		3BF7FD4F28E0B721004ECFDE /* MainModuleRouter.swift in Sources */ = {isa = PBXBuildFile; fileRef = 3BF7FD4E28E0B721004ECFDE /* MainModuleRouter.swift */; };
		3BF7FD5328E0BCF2004ECFDE /* MainViewInput.swift in Sources */ = {isa = PBXBuildFile; fileRef = 3BF7FD5228E0BCF2004ECFDE /* MainViewInput.swift */; };
		3BF7FD5628E0BCFF004ECFDE /* MainViewOutput.swift in Sources */ = {isa = PBXBuildFile; fileRef = 3BF7FD5528E0BCFF004ECFDE /* MainViewOutput.swift */; };
/* End PBXBuildFile section */

/* Begin PBXFileReference section */
		3B044D0128EC616D0045047B /* ErrorMessage.swift */ = {isa = PBXFileReference; lastKnownFileType = sourcecode.swift; path = ErrorMessage.swift; sourceTree = "<group>"; };
		3B1C9E1B28DA11D300A6441E /* MainViewController.swift */ = {isa = PBXFileReference; lastKnownFileType = sourcecode.swift; path = MainViewController.swift; sourceTree = "<group>"; };
		3B1C9E1C28DA11D300A6441E /* MainViewController.xib */ = {isa = PBXFileReference; lastKnownFileType = file.xib; path = MainViewController.xib; sourceTree = "<group>"; };
		3B1C9E2128DA145D00A6441E /* PopularCollectionViewCell.swift */ = {isa = PBXFileReference; lastKnownFileType = sourcecode.swift; path = PopularCollectionViewCell.swift; sourceTree = "<group>"; };
		3B1C9E2228DA145D00A6441E /* PopularCollectionViewCell.xib */ = {isa = PBXFileReference; lastKnownFileType = file.xib; path = PopularCollectionViewCell.xib; sourceTree = "<group>"; };
		3B3BB68828E5B734006431F0 /* FavoriteModuleEntity.swift */ = {isa = PBXFileReference; lastKnownFileType = sourcecode.swift; path = FavoriteModuleEntity.swift; sourceTree = "<group>"; };
		3B4A447628E8B55B00E0A8F5 /* PopularCollectionOutput.swift */ = {isa = PBXFileReference; lastKnownFileType = sourcecode.swift; path = PopularCollectionOutput.swift; sourceTree = "<group>"; };
		3B59C61F28E8A43500C7001B /* FavoriteModuleRouter.swift */ = {isa = PBXFileReference; lastKnownFileType = sourcecode.swift; path = FavoriteModuleRouter.swift; sourceTree = "<group>"; };
		3B59C62128E8A47D00C7001B /* FavoriteModuleInteractor.swift */ = {isa = PBXFileReference; lastKnownFileType = sourcecode.swift; path = FavoriteModuleInteractor.swift; sourceTree = "<group>"; };
		3B59C62328E8A50100C7001B /* FavoriteModulePresenter.swift */ = {isa = PBXFileReference; lastKnownFileType = sourcecode.swift; path = FavoriteModulePresenter.swift; sourceTree = "<group>"; };
		3B59C62728E8A5FD00C7001B /* FavoriteViewInput.swift */ = {isa = PBXFileReference; lastKnownFileType = sourcecode.swift; path = FavoriteViewInput.swift; sourceTree = "<group>"; };
		3B59C62928E8A60C00C7001B /* FavoriteViewOutput.swift */ = {isa = PBXFileReference; lastKnownFileType = sourcecode.swift; path = FavoriteViewOutput.swift; sourceTree = "<group>"; };
		3B6B737128DA5CF500FAA386 /* NavigationTableViewCell.swift */ = {isa = PBXFileReference; lastKnownFileType = sourcecode.swift; path = NavigationTableViewCell.swift; sourceTree = "<group>"; };
		3B6B737228DA5CF500FAA386 /* NavigationTableViewCell.xib */ = {isa = PBXFileReference; lastKnownFileType = file.xib; path = NavigationTableViewCell.xib; sourceTree = "<group>"; };
		3B6B737628DA622D00FAA386 /* PopularTableViewCell.swift */ = {isa = PBXFileReference; lastKnownFileType = sourcecode.swift; path = PopularTableViewCell.swift; sourceTree = "<group>"; };
		3B6B737728DA622D00FAA386 /* PopularTableViewCell.xib */ = {isa = PBXFileReference; lastKnownFileType = file.xib; path = PopularTableViewCell.xib; sourceTree = "<group>"; };
		3B6B737B28DA65C700FAA386 /* RecommendTableViewCell.swift */ = {isa = PBXFileReference; lastKnownFileType = sourcecode.swift; path = RecommendTableViewCell.swift; sourceTree = "<group>"; };
		3B6B737C28DA65C700FAA386 /* RecommendTableViewCell.xib */ = {isa = PBXFileReference; lastKnownFileType = file.xib; path = RecommendTableViewCell.xib; sourceTree = "<group>"; };
		3B6B738028DA690600FAA386 /* RecommendCollectionTableViewCell.swift */ = {isa = PBXFileReference; lastKnownFileType = sourcecode.swift; path = RecommendCollectionTableViewCell.swift; sourceTree = "<group>"; };
		3B6B738128DA690600FAA386 /* RecommendCollectionTableViewCell.xib */ = {isa = PBXFileReference; lastKnownFileType = file.xib; path = RecommendCollectionTableViewCell.xib; sourceTree = "<group>"; };
		3B6B738528DA6C2B00FAA386 /* RecommendCollectionViewCell.swift */ = {isa = PBXFileReference; lastKnownFileType = sourcecode.swift; path = RecommendCollectionViewCell.swift; sourceTree = "<group>"; };
		3B6B738628DA6C2B00FAA386 /* RecommendCollectionViewCell.xib */ = {isa = PBXFileReference; lastKnownFileType = file.xib; path = RecommendCollectionViewCell.xib; sourceTree = "<group>"; };
		3B92BD2828D895AE00A6DBAA /* RecipeApp.app */ = {isa = PBXFileReference; explicitFileType = wrapper.application; includeInIndex = 0; path = RecipeApp.app; sourceTree = BUILT_PRODUCTS_DIR; };
		3B92BD2B28D895AE00A6DBAA /* AppDelegate.swift */ = {isa = PBXFileReference; lastKnownFileType = sourcecode.swift; path = AppDelegate.swift; sourceTree = "<group>"; };
		3B92BD2D28D895AE00A6DBAA /* SceneDelegate.swift */ = {isa = PBXFileReference; lastKnownFileType = sourcecode.swift; path = SceneDelegate.swift; sourceTree = "<group>"; };
		3B92BD3428D895B100A6DBAA /* Assets.xcassets */ = {isa = PBXFileReference; lastKnownFileType = folder.assetcatalog; path = Assets.xcassets; sourceTree = "<group>"; };
		3B92BD3728D895B100A6DBAA /* Base */ = {isa = PBXFileReference; lastKnownFileType = file.storyboard; name = Base; path = Base.lproj/LaunchScreen.storyboard; sourceTree = "<group>"; };
		3B92BD3928D895B100A6DBAA /* Info.plist */ = {isa = PBXFileReference; lastKnownFileType = text.plist.xml; path = Info.plist; sourceTree = "<group>"; };
		3B92BD4728D8968800A6DBAA /* Images.swift */ = {isa = PBXFileReference; lastKnownFileType = sourcecode.swift; path = Images.swift; sourceTree = "<group>"; };
		3B92BD4C28D898A600A6DBAA /* TabBarController.swift */ = {isa = PBXFileReference; lastKnownFileType = sourcecode.swift; path = TabBarController.swift; sourceTree = "<group>"; };
		3B92BD4D28D898A600A6DBAA /* TabBarController.xib */ = {isa = PBXFileReference; lastKnownFileType = file.xib; path = TabBarController.xib; sourceTree = "<group>"; };
		3B92BD5228D8991300A6DBAA /* FavoriteViewController.swift */ = {isa = PBXFileReference; lastKnownFileType = sourcecode.swift; path = FavoriteViewController.swift; sourceTree = "<group>"; };
		3B92BD5328D8991300A6DBAA /* FavoriteViewController.xib */ = {isa = PBXFileReference; lastKnownFileType = file.xib; path = FavoriteViewController.xib; sourceTree = "<group>"; };
		3B92BD5628D8993E00A6DBAA /* SettingsViewController.swift */ = {isa = PBXFileReference; lastKnownFileType = sourcecode.swift; path = SettingsViewController.swift; sourceTree = "<group>"; };
		3B92BD5728D8993E00A6DBAA /* SettingsViewController.xib */ = {isa = PBXFileReference; lastKnownFileType = file.xib; path = SettingsViewController.xib; sourceTree = "<group>"; };
		3B92BD5B28D89DAD00A6DBAA /* Colors.swift */ = {isa = PBXFileReference; lastKnownFileType = sourcecode.swift; path = Colors.swift; sourceTree = "<group>"; };
		3BB4CB0628E8DCAD0042CA00 /* UserDefaultsKeys.swift */ = {isa = PBXFileReference; lastKnownFileType = sourcecode.swift; path = UserDefaultsKeys.swift; sourceTree = "<group>"; };
		3BDA88FD28E1E80E00E50897 /* PopularInput.swift */ = {isa = PBXFileReference; lastKnownFileType = sourcecode.swift; path = PopularInput.swift; sourceTree = "<group>"; };
		3BDA88FF28E1E82800E50897 /* PopularOutput.swift */ = {isa = PBXFileReference; lastKnownFileType = sourcecode.swift; path = PopularOutput.swift; sourceTree = "<group>"; };
		3BF7FD4328E0A6EF004ECFDE /* MainModuleEntity.swift */ = {isa = PBXFileReference; lastKnownFileType = sourcecode.swift; path = MainModuleEntity.swift; sourceTree = "<group>"; };
		3BF7FD4528E0A7A1004ECFDE /* MainModulePresenter.swift */ = {isa = PBXFileReference; lastKnownFileType = sourcecode.swift; path = MainModulePresenter.swift; sourceTree = "<group>"; };
		3BF7FD4728E0A7C5004ECFDE /* MainModuleInteractor.swift */ = {isa = PBXFileReference; lastKnownFileType = sourcecode.swift; path = MainModuleInteractor.swift; sourceTree = "<group>"; };
		3BF7FD4A28E0B2E2004ECFDE /* MainModuleInteractorInput.swift */ = {isa = PBXFileReference; lastKnownFileType = sourcecode.swift; path = MainModuleInteractorInput.swift; sourceTree = "<group>"; };
		3BF7FD4C28E0B2FD004ECFDE /* MainModuleInteractorOutput.swift */ = {isa = PBXFileReference; lastKnownFileType = sourcecode.swift; path = MainModuleInteractorOutput.swift; sourceTree = "<group>"; };
		3BF7FD4E28E0B721004ECFDE /* MainModuleRouter.swift */ = {isa = PBXFileReference; lastKnownFileType = sourcecode.swift; path = MainModuleRouter.swift; sourceTree = "<group>"; };
		3BF7FD5228E0BCF2004ECFDE /* MainViewInput.swift */ = {isa = PBXFileReference; lastKnownFileType = sourcecode.swift; path = MainViewInput.swift; sourceTree = "<group>"; };
		3BF7FD5528E0BCFF004ECFDE /* MainViewOutput.swift */ = {isa = PBXFileReference; lastKnownFileType = sourcecode.swift; path = MainViewOutput.swift; sourceTree = "<group>"; };
/* End PBXFileReference section */

/* Begin PBXFrameworksBuildPhase section */
		3B92BD2528D895AE00A6DBAA /* Frameworks */ = {
			isa = PBXFrameworksBuildPhase;
			buildActionMask = 2147483647;
			files = (
			);
			runOnlyForDeploymentPostprocessing = 0;
		};
/* End PBXFrameworksBuildPhase section */

/* Begin PBXGroup section */
		3B044CFE28EC55870045047B /* Errors */ = {
			isa = PBXGroup;
			children = (
				3B044D0128EC616D0045047B /* ErrorMessage.swift */,
			);
			path = Errors;
			sourceTree = "<group>";
		};
		3B18BD4128E3A6160007BBEC /* DetailModule */ = {
			isa = PBXGroup;
			children = (
			);
			path = DetailModule;
			sourceTree = "<group>";
		};
		3B1C9E1F28DA143000A6441E /* Cells */ = {
			isa = PBXGroup;
			children = (
				3B6B736828DA5BA800FAA386 /* TableView */,
				3B6B736728DA5BA000FAA386 /* CollectionView */,
			);
			path = Cells;
			sourceTree = "<group>";
		};
		3B1C9E2028DA143300A6441E /* PopularCell */ = {
			isa = PBXGroup;
			children = (
				3B1C9E2128DA145D00A6441E /* PopularCollectionViewCell.swift */,
				3B1C9E2228DA145D00A6441E /* PopularCollectionViewCell.xib */,
			);
			path = PopularCell;
			sourceTree = "<group>";
		};
		3B3BB68428E5B6C8006431F0 /* Interactor */ = {
			isa = PBXGroup;
			children = (
				3B59C62128E8A47D00C7001B /* FavoriteModuleInteractor.swift */,
			);
			path = Interactor;
			sourceTree = "<group>";
		};
		3B3BB68528E5B6DF006431F0 /* Presenter */ = {
			isa = PBXGroup;
			children = (
				3B59C62328E8A50100C7001B /* FavoriteModulePresenter.swift */,
			);
			path = Presenter;
			sourceTree = "<group>";
		};
		3B3BB68628E5B6F3006431F0 /* Entity */ = {
			isa = PBXGroup;
			children = (
				3B3BB68828E5B734006431F0 /* FavoriteModuleEntity.swift */,
			);
			path = Entity;
			sourceTree = "<group>";
		};
		3B3BB68728E5B6FB006431F0 /* Router */ = {
			isa = PBXGroup;
			children = (
				3B59C61F28E8A43500C7001B /* FavoriteModuleRouter.swift */,
			);
			path = Router;
			sourceTree = "<group>";
		};
		3B4A447528E8B54500E0A8F5 /* Protocols */ = {
			isa = PBXGroup;
			children = (
				3B4A447628E8B55B00E0A8F5 /* PopularCollectionOutput.swift */,
			);
			path = Protocols;
			sourceTree = "<group>";
		};
		3B59C62528E8A5E300C7001B /* Protocols */ = {
			isa = PBXGroup;
			children = (
				3B59C62628E8A5EC00C7001B /* View */,
			);
			path = Protocols;
			sourceTree = "<group>";
		};
		3B59C62628E8A5EC00C7001B /* View */ = {
			isa = PBXGroup;
			children = (
				3B59C62728E8A5FD00C7001B /* FavoriteViewInput.swift */,
				3B59C62928E8A60C00C7001B /* FavoriteViewOutput.swift */,
			);
			path = View;
			sourceTree = "<group>";
		};
		3B6B736728DA5BA000FAA386 /* CollectionView */ = {
			isa = PBXGroup;
			children = (
				3B6B738428DA6B0900FAA386 /* RecommendCell */,
				3B1C9E2028DA143300A6441E /* PopularCell */,
			);
			path = CollectionView;
			sourceTree = "<group>";
		};
		3B6B736828DA5BA800FAA386 /* TableView */ = {
			isa = PBXGroup;
			children = (
				3B4A447528E8B54500E0A8F5 /* Protocols */,
				3B6B737F28DA688900FAA386 /* RecomendCollectionCell */,
				3B6B737A28DA65A300FAA386 /* RecommendTitleCell */,
				3B6B737528DA620900FAA386 /* PopularCell */,
				3B6B736928DA5C1900FAA386 /* NavigationCell */,
			);
			path = TableView;
			sourceTree = "<group>";
		};
		3B6B736928DA5C1900FAA386 /* NavigationCell */ = {
			isa = PBXGroup;
			children = (
				3B6B737128DA5CF500FAA386 /* NavigationTableViewCell.swift */,
				3B6B737228DA5CF500FAA386 /* NavigationTableViewCell.xib */,
			);
			path = NavigationCell;
			sourceTree = "<group>";
		};
		3B6B737528DA620900FAA386 /* PopularCell */ = {
			isa = PBXGroup;
			children = (
				3B6B737628DA622D00FAA386 /* PopularTableViewCell.swift */,
				3B6B737728DA622D00FAA386 /* PopularTableViewCell.xib */,
			);
			path = PopularCell;
			sourceTree = "<group>";
		};
		3B6B737A28DA65A300FAA386 /* RecommendTitleCell */ = {
			isa = PBXGroup;
			children = (
				3B6B737B28DA65C700FAA386 /* RecommendTableViewCell.swift */,
				3B6B737C28DA65C700FAA386 /* RecommendTableViewCell.xib */,
			);
			path = RecommendTitleCell;
			sourceTree = "<group>";
		};
		3B6B737F28DA688900FAA386 /* RecomendCollectionCell */ = {
			isa = PBXGroup;
			children = (
				3B6B738028DA690600FAA386 /* RecommendCollectionTableViewCell.swift */,
				3B6B738128DA690600FAA386 /* RecommendCollectionTableViewCell.xib */,
			);
			path = RecomendCollectionCell;
			sourceTree = "<group>";
		};
		3B6B738428DA6B0900FAA386 /* RecommendCell */ = {
			isa = PBXGroup;
			children = (
				3B6B738528DA6C2B00FAA386 /* RecommendCollectionViewCell.swift */,
				3B6B738628DA6C2B00FAA386 /* RecommendCollectionViewCell.xib */,
			);
			path = RecommendCell;
			sourceTree = "<group>";
		};
		3B92BD1F28D895AE00A6DBAA = {
			isa = PBXGroup;
			children = (
				3B92BD2A28D895AE00A6DBAA /* RecipeApp */,
				3B92BD2928D895AE00A6DBAA /* Products */,
			);
			sourceTree = "<group>";
		};
		3B92BD2928D895AE00A6DBAA /* Products */ = {
			isa = PBXGroup;
			children = (
				3B92BD2828D895AE00A6DBAA /* RecipeApp.app */,
			);
			name = Products;
			sourceTree = "<group>";
		};
		3B92BD2A28D895AE00A6DBAA /* RecipeApp */ = {
			isa = PBXGroup;
			children = (
				3B92BD3928D895B100A6DBAA /* Info.plist */,
				3B92BD4A28D8985900A6DBAA /* Custom */,
				3B92BD4328D8960D00A6DBAA /* Screens */,
				3B92BD3F28D895C500A6DBAA /* Application */,
				3B92BD4028D895D100A6DBAA /* Sources */,
			);
			path = RecipeApp;
			sourceTree = "<group>";
		};
		3B92BD3F28D895C500A6DBAA /* Application */ = {
			isa = PBXGroup;
			children = (
				3B92BD3628D895B100A6DBAA /* LaunchScreen.storyboard */,
				3B92BD2B28D895AE00A6DBAA /* AppDelegate.swift */,
				3B92BD2D28D895AE00A6DBAA /* SceneDelegate.swift */,
			);
			path = Application;
			sourceTree = "<group>";
		};
		3B92BD4028D895D100A6DBAA /* Sources */ = {
			isa = PBXGroup;
			children = (
				3B92BD4228D895E600A6DBAA /* Images */,
				3B92BD4128D895DD00A6DBAA /* Colors */,
			);
			path = Sources;
			sourceTree = "<group>";
		};
		3B92BD4128D895DD00A6DBAA /* Colors */ = {
			isa = PBXGroup;
			children = (
				3B92BD5B28D89DAD00A6DBAA /* Colors.swift */,
			);
			path = Colors;
			sourceTree = "<group>";
		};
		3B92BD4228D895E600A6DBAA /* Images */ = {
			isa = PBXGroup;
			children = (
				3B92BD3428D895B100A6DBAA /* Assets.xcassets */,
				3B92BD4728D8968800A6DBAA /* Images.swift */,
			);
			path = Images;
			sourceTree = "<group>";
		};
		3B92BD4328D8960D00A6DBAA /* Screens */ = {
			isa = PBXGroup;
			children = (
				3B18BD4128E3A6160007BBEC /* DetailModule */,
				3B92BD4628D8962600A6DBAA /* SettingsModule */,
				3B92BD4528D8962000A6DBAA /* FavoriteModule */,
				3B92BD4428D8961500A6DBAA /* MainModule */,
			);
			path = Screens;
			sourceTree = "<group>";
		};
		3B92BD4428D8961500A6DBAA /* MainModule */ = {
			isa = PBXGroup;
			children = (
				3B92BD4928D8974500A6DBAA /* View */,
				3BA0C75028D9BAE600A79A4B /* Interactor */,
				3BA0C75128D9BAED00A79A4B /* Presenter */,
				3BA0C75228D9BAF200A79A4B /* Entity */,
				3BA0C75328D9BAF900A79A4B /* Router */,
			);
			path = MainModule;
			sourceTree = "<group>";
		};
		3B92BD4528D8962000A6DBAA /* FavoriteModule */ = {
			isa = PBXGroup;
			children = (
				3B92BD5028D898F600A6DBAA /* View */,
				3B3BB68428E5B6C8006431F0 /* Interactor */,
				3B3BB68528E5B6DF006431F0 /* Presenter */,
				3B3BB68628E5B6F3006431F0 /* Entity */,
				3B3BB68728E5B6FB006431F0 /* Router */,
			);
			path = FavoriteModule;
			sourceTree = "<group>";
		};
		3B92BD4628D8962600A6DBAA /* SettingsModule */ = {
			isa = PBXGroup;
			children = (
				3B92BD5128D898FE00A6DBAA /* View */,
			);
			path = SettingsModule;
			sourceTree = "<group>";
		};
		3B92BD4928D8974500A6DBAA /* View */ = {
			isa = PBXGroup;
			children = (
				3BF7FD5028E0BCD9004ECFDE /* Protocols */,
				3B1C9E1F28DA143000A6441E /* Cells */,
				3B1C9E1B28DA11D300A6441E /* MainViewController.swift */,
				3B1C9E1C28DA11D300A6441E /* MainViewController.xib */,
			);
			path = View;
			sourceTree = "<group>";
		};
		3B92BD4A28D8985900A6DBAA /* Custom */ = {
			isa = PBXGroup;
			children = (
				3B044CFE28EC55870045047B /* Errors */,
				3BB4CB0528E8DC9A0042CA00 /* Enums */,
				3B92BD4B28D8987400A6DBAA /* TabBarController */,
			);
			path = Custom;
			sourceTree = "<group>";
		};
		3B92BD4B28D8987400A6DBAA /* TabBarController */ = {
			isa = PBXGroup;
			children = (
				3B92BD4C28D898A600A6DBAA /* TabBarController.swift */,
				3B92BD4D28D898A600A6DBAA /* TabBarController.xib */,
			);
			path = TabBarController;
			sourceTree = "<group>";
		};
		3B92BD5028D898F600A6DBAA /* View */ = {
			isa = PBXGroup;
			children = (
				3B59C62528E8A5E300C7001B /* Protocols */,
				3B92BD5228D8991300A6DBAA /* FavoriteViewController.swift */,
				3B92BD5328D8991300A6DBAA /* FavoriteViewController.xib */,
			);
			path = View;
			sourceTree = "<group>";
		};
		3B92BD5128D898FE00A6DBAA /* View */ = {
			isa = PBXGroup;
			children = (
				3B92BD5628D8993E00A6DBAA /* SettingsViewController.swift */,
				3B92BD5728D8993E00A6DBAA /* SettingsViewController.xib */,
			);
			path = View;
			sourceTree = "<group>";
		};
		3BA0C75028D9BAE600A79A4B /* Interactor */ = {
			isa = PBXGroup;
			children = (
				3BF7FD4928E0B2D1004ECFDE /* Protocols */,
				3BF7FD4728E0A7C5004ECFDE /* MainModuleInteractor.swift */,
			);
			path = Interactor;
			sourceTree = "<group>";
		};
		3BA0C75128D9BAED00A79A4B /* Presenter */ = {
			isa = PBXGroup;
			children = (
				3BF7FD4528E0A7A1004ECFDE /* MainModulePresenter.swift */,
			);
			path = Presenter;
			sourceTree = "<group>";
		};
		3BA0C75228D9BAF200A79A4B /* Entity */ = {
			isa = PBXGroup;
			children = (
				3BF7FD4328E0A6EF004ECFDE /* MainModuleEntity.swift */,
			);
			path = Entity;
			sourceTree = "<group>";
		};
		3BA0C75328D9BAF900A79A4B /* Router */ = {
			isa = PBXGroup;
			children = (
				3BF7FD4E28E0B721004ECFDE /* MainModuleRouter.swift */,
			);
			path = Router;
			sourceTree = "<group>";
		};
		3BB4CB0528E8DC9A0042CA00 /* Enums */ = {
			isa = PBXGroup;
			children = (
				3BB4CB0628E8DCAD0042CA00 /* UserDefaultsKeys.swift */,
			);
			path = Enums;
			sourceTree = "<group>";
		};
		3BDA88FB28E1E7E300E50897 /* View */ = {
			isa = PBXGroup;
			children = (
				3BF7FD5228E0BCF2004ECFDE /* MainViewInput.swift */,
				3BF7FD5528E0BCFF004ECFDE /* MainViewOutput.swift */,
			);
			path = View;
			sourceTree = "<group>";
		};
		3BDA88FC28E1E7ED00E50897 /* Cells */ = {
			isa = PBXGroup;
			children = (
				3BDA88FD28E1E80E00E50897 /* PopularInput.swift */,
				3BDA88FF28E1E82800E50897 /* PopularOutput.swift */,
			);
			path = Cells;
			sourceTree = "<group>";
		};
		3BF7FD4928E0B2D1004ECFDE /* Protocols */ = {
			isa = PBXGroup;
			children = (
				3BF7FD4A28E0B2E2004ECFDE /* MainModuleInteractorInput.swift */,
				3BF7FD4C28E0B2FD004ECFDE /* MainModuleInteractorOutput.swift */,
			);
			path = Protocols;
			sourceTree = "<group>";
		};
		3BF7FD5028E0BCD9004ECFDE /* Protocols */ = {
			isa = PBXGroup;
			children = (
				3BDA88FC28E1E7ED00E50897 /* Cells */,
				3BDA88FB28E1E7E300E50897 /* View */,
			);
			path = Protocols;
			sourceTree = "<group>";
		};
/* End PBXGroup section */

/* Begin PBXNativeTarget section */
		3B92BD2728D895AE00A6DBAA /* RecipeApp */ = {
			isa = PBXNativeTarget;
			buildConfigurationList = 3B92BD3C28D895B100A6DBAA /* Build configuration list for PBXNativeTarget "RecipeApp" */;
			buildPhases = (
				3B92BD2428D895AE00A6DBAA /* Sources */,
				3B92BD2528D895AE00A6DBAA /* Frameworks */,
				3B92BD2628D895AE00A6DBAA /* Resources */,
			);
			buildRules = (
			);
			dependencies = (
			);
			name = RecipeApp;
			productName = RecipeApp;
			productReference = 3B92BD2828D895AE00A6DBAA /* RecipeApp.app */;
			productType = "com.apple.product-type.application";
		};
/* End PBXNativeTarget section */

/* Begin PBXProject section */
		3B92BD2028D895AE00A6DBAA /* Project object */ = {
			isa = PBXProject;
			attributes = {
				BuildIndependentTargetsInParallel = 1;
				LastSwiftUpdateCheck = 1340;
				LastUpgradeCheck = 1340;
				TargetAttributes = {
					3B92BD2728D895AE00A6DBAA = {
						CreatedOnToolsVersion = 13.4.1;
					};
				};
			};
			buildConfigurationList = 3B92BD2328D895AE00A6DBAA /* Build configuration list for PBXProject "RecipeApp" */;
			compatibilityVersion = "Xcode 13.0";
			developmentRegion = en;
			hasScannedForEncodings = 0;
			knownRegions = (
				en,
				Base,
			);
			mainGroup = 3B92BD1F28D895AE00A6DBAA;
			productRefGroup = 3B92BD2928D895AE00A6DBAA /* Products */;
			projectDirPath = "";
			projectRoot = "";
			targets = (
				3B92BD2728D895AE00A6DBAA /* RecipeApp */,
			);
		};
/* End PBXProject section */

/* Begin PBXResourcesBuildPhase section */
		3B92BD2628D895AE00A6DBAA /* Resources */ = {
			isa = PBXResourcesBuildPhase;
			buildActionMask = 2147483647;
			files = (
				3B92BD3828D895B100A6DBAA /* LaunchScreen.storyboard in Resources */,
				3B6B738828DA6C2B00FAA386 /* RecommendCollectionViewCell.xib in Resources */,
				3B1C9E2428DA145D00A6441E /* PopularCollectionViewCell.xib in Resources */,
				3B6B737E28DA65C700FAA386 /* RecommendTableViewCell.xib in Resources */,
				3B6B738328DA690600FAA386 /* RecommendCollectionTableViewCell.xib in Resources */,
				3B1C9E1E28DA11D300A6441E /* MainViewController.xib in Resources */,
				3B92BD5928D8993E00A6DBAA /* SettingsViewController.xib in Resources */,
				3B92BD4F28D898A600A6DBAA /* TabBarController.xib in Resources */,
				3B92BD3528D895B100A6DBAA /* Assets.xcassets in Resources */,
				3B92BD5528D8991300A6DBAA /* FavoriteViewController.xib in Resources */,
				3B6B737428DA5CF500FAA386 /* NavigationTableViewCell.xib in Resources */,
				3B6B737928DA622D00FAA386 /* PopularTableViewCell.xib in Resources */,
			);
			runOnlyForDeploymentPostprocessing = 0;
		};
/* End PBXResourcesBuildPhase section */

/* Begin PBXSourcesBuildPhase section */
		3B92BD2428D895AE00A6DBAA /* Sources */ = {
			isa = PBXSourcesBuildPhase;
			buildActionMask = 2147483647;
			files = (
				3B92BD5C28D89DAD00A6DBAA /* Colors.swift in Sources */,
				3BF7FD4828E0A7C5004ECFDE /* MainModuleInteractor.swift in Sources */,
				3B4A447728E8B55B00E0A8F5 /* PopularCollectionOutput.swift in Sources */,
				3BF7FD4B28E0B2E2004ECFDE /* MainModuleInteractorInput.swift in Sources */,
				3BB4CB0728E8DCAD0042CA00 /* UserDefaultsKeys.swift in Sources */,
				3B92BD4828D8968800A6DBAA /* Images.swift in Sources */,
				3B1C9E2328DA145D00A6441E /* PopularCollectionViewCell.swift in Sources */,
				3B92BD5828D8993E00A6DBAA /* SettingsViewController.swift in Sources */,
				3B59C62228E8A47D00C7001B /* FavoriteModuleInteractor.swift in Sources */,
				3B92BD2C28D895AE00A6DBAA /* AppDelegate.swift in Sources */,
				3BF7FD4428E0A6EF004ECFDE /* MainModuleEntity.swift in Sources */,
				3BF7FD5328E0BCF2004ECFDE /* MainViewInput.swift in Sources */,
				3B6B738728DA6C2B00FAA386 /* RecommendCollectionViewCell.swift in Sources */,
				3B044D0228EC616D0045047B /* ErrorMessage.swift in Sources */,
				3BDA890028E1E82800E50897 /* PopularOutput.swift in Sources */,
				3BF7FD4628E0A7A1004ECFDE /* MainModulePresenter.swift in Sources */,
				3B92BD4E28D898A600A6DBAA /* TabBarController.swift in Sources */,
				3B6B737828DA622D00FAA386 /* PopularTableViewCell.swift in Sources */,
				3B59C62028E8A43500C7001B /* FavoriteModuleRouter.swift in Sources */,
				3B1C9E1D28DA11D300A6441E /* MainViewController.swift in Sources */,
				3BF7FD5628E0BCFF004ECFDE /* MainViewOutput.swift in Sources */,
				3BF7FD4F28E0B721004ECFDE /* MainModuleRouter.swift in Sources */,
				3B6B738228DA690600FAA386 /* RecommendCollectionTableViewCell.swift in Sources */,
				3B59C62828E8A5FD00C7001B /* FavoriteViewInput.swift in Sources */,
				3B59C62A28E8A60C00C7001B /* FavoriteViewOutput.swift in Sources */,
				3B3BB68928E5B734006431F0 /* FavoriteModuleEntity.swift in Sources */,
				3B6B737D28DA65C700FAA386 /* RecommendTableViewCell.swift in Sources */,
				3B59C62428E8A50100C7001B /* FavoriteModulePresenter.swift in Sources */,
				3B92BD2E28D895AE00A6DBAA /* SceneDelegate.swift in Sources */,
				3B92BD5428D8991300A6DBAA /* FavoriteViewController.swift in Sources */,
				3B6B737328DA5CF500FAA386 /* NavigationTableViewCell.swift in Sources */,
				3BDA88FE28E1E80E00E50897 /* PopularInput.swift in Sources */,
				3BF7FD4D28E0B2FD004ECFDE /* MainModuleInteractorOutput.swift in Sources */,
			);
			runOnlyForDeploymentPostprocessing = 0;
		};
/* End PBXSourcesBuildPhase section */

/* Begin PBXVariantGroup section */
		3B92BD3628D895B100A6DBAA /* LaunchScreen.storyboard */ = {
			isa = PBXVariantGroup;
			children = (
				3B92BD3728D895B100A6DBAA /* Base */,
			);
			name = LaunchScreen.storyboard;
			sourceTree = "<group>";
		};
/* End PBXVariantGroup section */

/* Begin XCBuildConfiguration section */
		3B92BD3A28D895B100A6DBAA /* Debug */ = {
			isa = XCBuildConfiguration;
			buildSettings = {
				ALWAYS_SEARCH_USER_PATHS = NO;
				CLANG_ANALYZER_NONNULL = YES;
				CLANG_ANALYZER_NUMBER_OBJECT_CONVERSION = YES_AGGRESSIVE;
				CLANG_CXX_LANGUAGE_STANDARD = "gnu++17";
				CLANG_ENABLE_MODULES = YES;
				CLANG_ENABLE_OBJC_ARC = YES;
				CLANG_ENABLE_OBJC_WEAK = YES;
				CLANG_WARN_BLOCK_CAPTURE_AUTORELEASING = YES;
				CLANG_WARN_BOOL_CONVERSION = YES;
				CLANG_WARN_COMMA = YES;
				CLANG_WARN_CONSTANT_CONVERSION = YES;
				CLANG_WARN_DEPRECATED_OBJC_IMPLEMENTATIONS = YES;
				CLANG_WARN_DIRECT_OBJC_ISA_USAGE = YES_ERROR;
				CLANG_WARN_DOCUMENTATION_COMMENTS = YES;
				CLANG_WARN_EMPTY_BODY = YES;
				CLANG_WARN_ENUM_CONVERSION = YES;
				CLANG_WARN_INFINITE_RECURSION = YES;
				CLANG_WARN_INT_CONVERSION = YES;
				CLANG_WARN_NON_LITERAL_NULL_CONVERSION = YES;
				CLANG_WARN_OBJC_IMPLICIT_RETAIN_SELF = YES;
				CLANG_WARN_OBJC_LITERAL_CONVERSION = YES;
				CLANG_WARN_OBJC_ROOT_CLASS = YES_ERROR;
				CLANG_WARN_QUOTED_INCLUDE_IN_FRAMEWORK_HEADER = YES;
				CLANG_WARN_RANGE_LOOP_ANALYSIS = YES;
				CLANG_WARN_STRICT_PROTOTYPES = YES;
				CLANG_WARN_SUSPICIOUS_MOVE = YES;
				CLANG_WARN_UNGUARDED_AVAILABILITY = YES_AGGRESSIVE;
				CLANG_WARN_UNREACHABLE_CODE = YES;
				CLANG_WARN__DUPLICATE_METHOD_MATCH = YES;
				COPY_PHASE_STRIP = NO;
				DEBUG_INFORMATION_FORMAT = dwarf;
				ENABLE_STRICT_OBJC_MSGSEND = YES;
				ENABLE_TESTABILITY = YES;
				GCC_C_LANGUAGE_STANDARD = gnu11;
				GCC_DYNAMIC_NO_PIC = NO;
				GCC_NO_COMMON_BLOCKS = YES;
				GCC_OPTIMIZATION_LEVEL = 0;
				GCC_PREPROCESSOR_DEFINITIONS = (
					"DEBUG=1",
					"$(inherited)",
				);
				GCC_WARN_64_TO_32_BIT_CONVERSION = YES;
				GCC_WARN_ABOUT_RETURN_TYPE = YES_ERROR;
				GCC_WARN_UNDECLARED_SELECTOR = YES;
				GCC_WARN_UNINITIALIZED_AUTOS = YES_AGGRESSIVE;
				GCC_WARN_UNUSED_FUNCTION = YES;
				GCC_WARN_UNUSED_VARIABLE = YES;
				IPHONEOS_DEPLOYMENT_TARGET = 15.5;
				MTL_ENABLE_DEBUG_INFO = INCLUDE_SOURCE;
				MTL_FAST_MATH = YES;
				ONLY_ACTIVE_ARCH = YES;
				SDKROOT = iphoneos;
				SWIFT_ACTIVE_COMPILATION_CONDITIONS = DEBUG;
				SWIFT_OPTIMIZATION_LEVEL = "-Onone";
			};
			name = Debug;
		};
		3B92BD3B28D895B100A6DBAA /* Release */ = {
			isa = XCBuildConfiguration;
			buildSettings = {
				ALWAYS_SEARCH_USER_PATHS = NO;
				CLANG_ANALYZER_NONNULL = YES;
				CLANG_ANALYZER_NUMBER_OBJECT_CONVERSION = YES_AGGRESSIVE;
				CLANG_CXX_LANGUAGE_STANDARD = "gnu++17";
				CLANG_ENABLE_MODULES = YES;
				CLANG_ENABLE_OBJC_ARC = YES;
				CLANG_ENABLE_OBJC_WEAK = YES;
				CLANG_WARN_BLOCK_CAPTURE_AUTORELEASING = YES;
				CLANG_WARN_BOOL_CONVERSION = YES;
				CLANG_WARN_COMMA = YES;
				CLANG_WARN_CONSTANT_CONVERSION = YES;
				CLANG_WARN_DEPRECATED_OBJC_IMPLEMENTATIONS = YES;
				CLANG_WARN_DIRECT_OBJC_ISA_USAGE = YES_ERROR;
				CLANG_WARN_DOCUMENTATION_COMMENTS = YES;
				CLANG_WARN_EMPTY_BODY = YES;
				CLANG_WARN_ENUM_CONVERSION = YES;
				CLANG_WARN_INFINITE_RECURSION = YES;
				CLANG_WARN_INT_CONVERSION = YES;
				CLANG_WARN_NON_LITERAL_NULL_CONVERSION = YES;
				CLANG_WARN_OBJC_IMPLICIT_RETAIN_SELF = YES;
				CLANG_WARN_OBJC_LITERAL_CONVERSION = YES;
				CLANG_WARN_OBJC_ROOT_CLASS = YES_ERROR;
				CLANG_WARN_QUOTED_INCLUDE_IN_FRAMEWORK_HEADER = YES;
				CLANG_WARN_RANGE_LOOP_ANALYSIS = YES;
				CLANG_WARN_STRICT_PROTOTYPES = YES;
				CLANG_WARN_SUSPICIOUS_MOVE = YES;
				CLANG_WARN_UNGUARDED_AVAILABILITY = YES_AGGRESSIVE;
				CLANG_WARN_UNREACHABLE_CODE = YES;
				CLANG_WARN__DUPLICATE_METHOD_MATCH = YES;
				COPY_PHASE_STRIP = NO;
				DEBUG_INFORMATION_FORMAT = "dwarf-with-dsym";
				ENABLE_NS_ASSERTIONS = NO;
				ENABLE_STRICT_OBJC_MSGSEND = YES;
				GCC_C_LANGUAGE_STANDARD = gnu11;
				GCC_NO_COMMON_BLOCKS = YES;
				GCC_WARN_64_TO_32_BIT_CONVERSION = YES;
				GCC_WARN_ABOUT_RETURN_TYPE = YES_ERROR;
				GCC_WARN_UNDECLARED_SELECTOR = YES;
				GCC_WARN_UNINITIALIZED_AUTOS = YES_AGGRESSIVE;
				GCC_WARN_UNUSED_FUNCTION = YES;
				GCC_WARN_UNUSED_VARIABLE = YES;
				IPHONEOS_DEPLOYMENT_TARGET = 15.5;
				MTL_ENABLE_DEBUG_INFO = NO;
				MTL_FAST_MATH = YES;
				SDKROOT = iphoneos;
				SWIFT_COMPILATION_MODE = wholemodule;
				SWIFT_OPTIMIZATION_LEVEL = "-O";
				VALIDATE_PRODUCT = YES;
			};
			name = Release;
		};
		3B92BD3D28D895B100A6DBAA /* Debug */ = {
			isa = XCBuildConfiguration;
			buildSettings = {
				ASSETCATALOG_COMPILER_APPICON_NAME = AppIcon;
				ASSETCATALOG_COMPILER_GLOBAL_ACCENT_COLOR_NAME = AccentColor;
				CODE_SIGN_STYLE = Automatic;
				CURRENT_PROJECT_VERSION = 1;
				DEVELOPMENT_TEAM = 67R24UQ82P;
				GENERATE_INFOPLIST_FILE = YES;
				INFOPLIST_FILE = RecipeApp/Info.plist;
				INFOPLIST_KEY_UIApplicationSupportsIndirectInputEvents = YES;
				INFOPLIST_KEY_UILaunchStoryboardName = LaunchScreen;
				INFOPLIST_KEY_UIStatusBarHidden = NO;
				INFOPLIST_KEY_UIStatusBarStyle = "";
				INFOPLIST_KEY_UISupportedInterfaceOrientations = UIInterfaceOrientationPortrait;
				INFOPLIST_KEY_UISupportedInterfaceOrientations_iPad = "UIInterfaceOrientationPortrait UIInterfaceOrientationPortraitUpsideDown UIInterfaceOrientationLandscapeLeft UIInterfaceOrientationLandscapeRight";
				INFOPLIST_KEY_UISupportedInterfaceOrientations_iPhone = "UIInterfaceOrientationPortrait UIInterfaceOrientationLandscapeLeft UIInterfaceOrientationLandscapeRight";
				INFOPLIST_KEY_UIUserInterfaceStyle = Light;
				LD_RUNPATH_SEARCH_PATHS = (
					"$(inherited)",
					"@executable_path/Frameworks",
				);
				MARKETING_VERSION = 1.0;
				PRODUCT_BUNDLE_IDENTIFIER = com.dosherak.RecipeApp;
				PRODUCT_NAME = "$(TARGET_NAME)";
				SWIFT_EMIT_LOC_STRINGS = YES;
				SWIFT_ENFORCE_EXCLUSIVE_ACCESS = on;
				SWIFT_VERSION = 5.0;
				TARGETED_DEVICE_FAMILY = 1;
			};
			name = Debug;
		};
		3B92BD3E28D895B100A6DBAA /* Release */ = {
			isa = XCBuildConfiguration;
			buildSettings = {
				ASSETCATALOG_COMPILER_APPICON_NAME = AppIcon;
				ASSETCATALOG_COMPILER_GLOBAL_ACCENT_COLOR_NAME = AccentColor;
				CODE_SIGN_STYLE = Automatic;
				CURRENT_PROJECT_VERSION = 1;
				DEVELOPMENT_TEAM = 67R24UQ82P;
				GENERATE_INFOPLIST_FILE = YES;
				INFOPLIST_FILE = RecipeApp/Info.plist;
				INFOPLIST_KEY_UIApplicationSupportsIndirectInputEvents = YES;
				INFOPLIST_KEY_UILaunchStoryboardName = LaunchScreen;
				INFOPLIST_KEY_UIStatusBarHidden = NO;
				INFOPLIST_KEY_UIStatusBarStyle = "";
				INFOPLIST_KEY_UISupportedInterfaceOrientations = UIInterfaceOrientationPortrait;
				INFOPLIST_KEY_UISupportedInterfaceOrientations_iPad = "UIInterfaceOrientationPortrait UIInterfaceOrientationPortraitUpsideDown UIInterfaceOrientationLandscapeLeft UIInterfaceOrientationLandscapeRight";
				INFOPLIST_KEY_UISupportedInterfaceOrientations_iPhone = "UIInterfaceOrientationPortrait UIInterfaceOrientationLandscapeLeft UIInterfaceOrientationLandscapeRight";
				INFOPLIST_KEY_UIUserInterfaceStyle = Light;
				LD_RUNPATH_SEARCH_PATHS = (
					"$(inherited)",
					"@executable_path/Frameworks",
				);
				MARKETING_VERSION = 1.0;
				PRODUCT_BUNDLE_IDENTIFIER = com.dosherak.RecipeApp;
				PRODUCT_NAME = "$(TARGET_NAME)";
				SWIFT_EMIT_LOC_STRINGS = YES;
				SWIFT_ENFORCE_EXCLUSIVE_ACCESS = on;
				SWIFT_VERSION = 5.0;
				TARGETED_DEVICE_FAMILY = 1;
			};
			name = Release;
		};
/* End XCBuildConfiguration section */

/* Begin XCConfigurationList section */
		3B92BD2328D895AE00A6DBAA /* Build configuration list for PBXProject "RecipeApp" */ = {
			isa = XCConfigurationList;
			buildConfigurations = (
				3B92BD3A28D895B100A6DBAA /* Debug */,
				3B92BD3B28D895B100A6DBAA /* Release */,
			);
			defaultConfigurationIsVisible = 0;
			defaultConfigurationName = Release;
		};
		3B92BD3C28D895B100A6DBAA /* Build configuration list for PBXNativeTarget "RecipeApp" */ = {
			isa = XCConfigurationList;
			buildConfigurations = (
				3B92BD3D28D895B100A6DBAA /* Debug */,
				3B92BD3E28D895B100A6DBAA /* Release */,
			);
			defaultConfigurationIsVisible = 0;
			defaultConfigurationName = Release;
		};
/* End XCConfigurationList section */
	};
	rootObject = 3B92BD2028D895AE00A6DBAA /* Project object */;
}
